{
  "name": "eml-generator-project",
  "version": "1.0.0",
  "lockfileVersion": 3,
  "requires": true,
  "packages": {
    "": {
      "name": "eml-generator-project",
      "version": "1.0.0",
      "license": "ISC",
      "dependencies": {
        "eml-generator": "^1.0.0"
      }
    },
    "node_modules/eml-generator": {
      "version": "1.0.0",
      "resolved": "https://registry.npmjs.org/eml-generator/-/eml-generator-1.0.0.tgz",
      "integrity": "sha512-ukOBBgAz+CTpK7htLcZuo/VWCh3/1m6fwGn04V3oqTU8FP5VxoZgY80BtNYedMwnEjd6YLbdR1JKWKaI5sljFw==",
      "license": "MIT",
      "bin": {
        "eml-generator": "dist/cli.cjs"
      },
      "engines": {
        "node": ">=16.0.0"
      }
    }
  }
}
